
Microsoft Visual Studio Solution File, Format Version 12.00
# Visual Studio 15
VisualStudioVersion = 15.0.28010.2026
MinimumVisualStudioVersion = 10.0.40219.1
Project("{8BC9CEB8-8B4A-11D0-8D11-00A0C91BC942}") = "Assign01.c", "Assign01.c\Assign01.c.vcxproj", "{823E9AFA-863E-487E-84F7-20ED70C3BBE2}"
EndProject
Global
	GlobalSection(SolutionConfigurationPlatforms) = preSolution
		Debug|x64 = Debug|x64
		Debug|x86 = Debug|x86
		Release|x64 = Release|x64
		Release|x86 = Release|x86
	EndGlobalSection
	GlobalSection(ProjectConfigurationPlatforms) = postSolution
		{823E9AFA-863E-487E-84F7-20ED70C3BBE2}.Debug|x64.ActiveCfg = Debug|x64
		{823E9AFA-863E-487E-84F7-20ED70C3BBE2}.Debug|x64.Build.0 = Debug|x64
		{823E9AFA-863E-487E-84F7-20ED70C3BBE2}.Debug|x86.ActiveCfg = Debug|Win32
		{823E9AFA-863E-487E-84F7-20ED70C3BBE2}.Debug|x86.Build.0 = Debug|Win32
		{823E9AFA-863E-487E-84F7-20ED70C3BBE2}.Release|x64.ActiveCfg = Release|x64
		{823E9AFA-863E-487E-84F7-20ED70C3BBE2}.Release|x64.Build.0 = Release|x64
		{823E9AFA-863E-487E-84F7-20ED70C3BBE2}.Release|x86.ActiveCfg = Release|Win32
		{823E9AFA-863E-487E-84F7-20ED70C3BBE2}.Release|x86.Build.0 = Release|Win32
	EndGlobalSection
	GlobalSection(SolutionProperties) = preSolution
		HideSolutionNode = FALSE
	EndGlobalSection
	GlobalSection(ExtensibilityGlobals) = postSolution
		SolutionGuid = {37E46B85-8250-4FB1-B95C-2422D97666AB}
	EndGlobalSection
EndGlobal
